
Microsoft Visual Studio Solution File, Format Version 12.00
# Visual Studio Version 16
VisualStudioVersion = 16.0.32106.194
MinimumVisualStudioVersion = 10.0.40219.1
Project("{00D1A9C2-B5F0-4AF3-8072-F6C62B433612}") = "Eshopam.Database", "Eshopam.Database\Eshopam.Database.sqlproj", "{EE1AD4F8-0FB8-4C02-852D-A7D525C40CCB}"
EndProject
Project("{FAE04EC0-301F-11D3-BF4B-00C04F79EFBC}") = "Eshopam.Repository", "Eshopam.Repository\Eshopam.Repository.csproj", "{146306A3-DD5E-4EEB-B48B-D0A70CAE50BD}"
EndProject
Global
	GlobalSection(SolutionConfigurationPlatforms) = preSolution
		Debug|Any CPU = Debug|Any CPU
		Release|Any CPU = Release|Any CPU
	EndGlobalSection
	GlobalSection(ProjectConfigurationPlatforms) = postSolution
		{EE1AD4F8-0FB8-4C02-852D-A7D525C40CCB}.Debug|Any CPU.ActiveCfg = Debug|Any CPU
		{EE1AD4F8-0FB8-4C02-852D-A7D525C40CCB}.Debug|Any CPU.Build.0 = Debug|Any CPU
		{EE1AD4F8-0FB8-4C02-852D-A7D525C40CCB}.Debug|Any CPU.Deploy.0 = Debug|Any CPU
		{EE1AD4F8-0FB8-4C02-852D-A7D525C40CCB}.Release|Any CPU.ActiveCfg = Release|Any CPU
		{EE1AD4F8-0FB8-4C02-852D-A7D525C40CCB}.Release|Any CPU.Build.0 = Release|Any CPU
		{EE1AD4F8-0FB8-4C02-852D-A7D525C40CCB}.Release|Any CPU.Deploy.0 = Release|Any CPU
		{146306A3-DD5E-4EEB-B48B-D0A70CAE50BD}.Debug|Any CPU.ActiveCfg = Debug|Any CPU
		{146306A3-DD5E-4EEB-B48B-D0A70CAE50BD}.Debug|Any CPU.Build.0 = Debug|Any CPU
		{146306A3-DD5E-4EEB-B48B-D0A70CAE50BD}.Release|Any CPU.ActiveCfg = Release|Any CPU
		{146306A3-DD5E-4EEB-B48B-D0A70CAE50BD}.Release|Any CPU.Build.0 = Release|Any CPU
	EndGlobalSection
	GlobalSection(SolutionProperties) = preSolution
		HideSolutionNode = FALSE
	EndGlobalSection
	GlobalSection(ExtensibilityGlobals) = postSolution
		SolutionGuid = {D08F577C-B40F-43F1-AEF1-EA70B393ADC7}
	EndGlobalSection
EndGlobal
